{
  "nodes": {
    "agenix": {
      "inputs": {
        "darwin": "darwin",
        "home-manager": [
          "home-manager"
        ],
        "nixpkgs": [
          "nixpkgs"
        ]
      },
      "locked": {
        "lastModified": 1694793763,
        "narHash": "sha256-y6gTE1C9mIoSkymRYyzCmv62PFgy+hbZ5j8fuiQK5KI=",
        "owner": "ryantm",
        "repo": "agenix",
        "rev": "572baca9b0c592f71982fca0790db4ce311e3c75",
        "type": "github"
      },
      "original": {
        "owner": "ryantm",
        "repo": "agenix",
        "type": "github"
      }
    },
    "darwin": {
      "inputs": {
        "nixpkgs": [
          "agenix",
          "nixpkgs"
        ]
      },
      "locked": {
        "lastModified": 1673295039,
        "narHash": "sha256-AsdYgE8/GPwcelGgrntlijMg4t3hLFJFCRF3tL5WVjA=",
        "owner": "lnl7",
        "repo": "nix-darwin",
        "rev": "87b9d090ad39b25b2400029c64825fc2a8868943",
        "type": "github"
      },
      "original": {
        "owner": "lnl7",
        "ref": "master",
        "repo": "nix-darwin",
        "type": "github"
      }
    },
    "darwin_2": {
      "inputs": {
        "nixpkgs": [
          "nixpkgs"
        ]
      },
      "locked": {
        "lastModified": 1695114819,
        "narHash": "sha256-/aIfbZxP39QZ8m7qX2RzQTy5PWzz2e22cCcZ+AOO7lA=",
        "owner": "lnl7",
        "repo": "nix-darwin",
        "rev": "afeddc412b3a3b0e7c9ef7ea5fbdf2186781d102",
        "type": "github"
      },
      "original": {
        "owner": "lnl7",
        "repo": "nix-darwin",
        "type": "github"
      }
    },
    "deploy-rs": {
      "inputs": {
        "flake-compat": "flake-compat",
        "nixpkgs": [
          "nixpkgs"
        ],
        "utils": "utils"
      },
      "locked": {
        "lastModified": 1695052866,
        "narHash": "sha256-agn7F9Oww4oU6nPiw+YiYI9Xb4vOOE73w8PAoBRP4AA=",
        "owner": "serokell",
        "repo": "deploy-rs",
        "rev": "e3f41832680801d0ee9e2ed33eb63af398b090e9",
        "type": "github"
      },
      "original": {
        "owner": "serokell",
        "repo": "deploy-rs",
        "type": "github"
      }
    },
    "flake-compat": {
      "flake": false,
      "locked": {
        "lastModified": 1668681692,
        "narHash": "sha256-Ht91NGdewz8IQLtWZ9LCeNXMSXHUss+9COoqu6JLmXU=",
        "owner": "edolstra",
        "repo": "flake-compat",
        "rev": "009399224d5e398d03b22badca40a37ac85412a1",
        "type": "github"
      },
      "original": {
        "owner": "edolstra",
        "repo": "flake-compat",
        "type": "github"
      }
    },
    "home-manager": {
      "inputs": {
        "nixpkgs": [
          "nixpkgs"
        ]
      },
      "locked": {
        "lastModified": 1695103414,
        "narHash": "sha256-/kr1AQ8aPWl3OaTzZARhGPSS044vZq1Vh4wYX77T1DE=",
        "owner": "nix-community",
        "repo": "home-manager",
        "rev": "92364581dd3ada6981c4ddc5def8a35a1b945e75",
        "type": "github"
      },
      "original": {
        "owner": "nix-community",
        "repo": "home-manager",
        "type": "github"
      }
    },
    "impermanence": {
      "locked": {
        "lastModified": 1694622745,
        "narHash": "sha256-z397+eDhKx9c2qNafL1xv75lC0Q4nOaFlhaU1TINqb8=",
        "owner": "nix-community",
        "repo": "impermanence",
        "rev": "e9643d08d0d193a2e074a19d4d90c67a874d932e",
        "type": "github"
      },
      "original": {
        "owner": "nix-community",
        "repo": "impermanence",
        "type": "github"
      }
    },
    "nixpkgs": {
      "locked": {
        "lastModified": 1694959747,
        "narHash": "sha256-CXQ2MuledDVlVM5dLC4pB41cFlBWxRw4tCBsFrq3cRk=",
        "owner": "nixos",
        "repo": "nixpkgs",
        "rev": "970a59bd19eff3752ce552935687100c46e820a5",
        "type": "github"
      },
      "original": {
        "owner": "nixos",
        "ref": "nixos-unstable",
        "repo": "nixpkgs",
        "type": "github"
      }
    },
    "nixpkgs-darwin-stable": {
      "locked": {
        "lastModified": 1694908564,
        "narHash": "sha256-ducA98AuWWJu5oUElIzN24Q22WlO8bOfixGzBgzYdVc=",
        "owner": "nixos",
        "repo": "nixpkgs",
        "rev": "596611941a74be176b98aeba9328aa9d01b8b322",
        "type": "github"
      },
      "original": {
        "owner": "nixos",
        "ref": "nixpkgs-23.05-darwin",
        "repo": "nixpkgs",
        "type": "github"
      }
    },
    "nixpkgs-stable": {
      "locked": {
        "lastModified": 1694937365,
        "narHash": "sha256-iHZSGrb9gVpZRR4B2ishUN/1LRKWtSHZNO37C8z1SmA=",
        "owner": "nixos",
        "repo": "nixpkgs",
        "rev": "5d017a8822e0907fb96f7700a319f9fe2434de02",
        "type": "github"
      },
      "original": {
        "owner": "nixos",
        "ref": "nixos-23.05",
        "repo": "nixpkgs",
        "type": "github"
      }
    },
    "nur": {
      "locked": {
        "lastModified": 1695110420,
        "narHash": "sha256-tZRgkZwU8wArD8oFsEQ5hjLfkcny7Cvr7KuGlfKXdW8=",
        "owner": "nix-community",
        "repo": "NUR",
        "rev": "ada2638fdfdbd642fef6a87381a2c6acc8850b85",
        "type": "github"
      },
      "original": {
        "owner": "nix-community",
        "repo": "NUR",
        "type": "github"
      }
    },
    "root": {
      "inputs": {
        "agenix": "agenix",
        "darwin": "darwin_2",
        "deploy-rs": "deploy-rs",
        "home-manager": "home-manager",
        "impermanence": "impermanence",
        "nixpkgs": "nixpkgs",
        "nixpkgs-darwin-stable": "nixpkgs-darwin-stable",
        "nixpkgs-stable": "nixpkgs-stable",
        "nur": "nur"
      }
    },
    "utils": {
      "locked": {
        "lastModified": 1667395993,
        "narHash": "sha256-nuEHfE/LcWyuSWnS8t12N1wc105Qtau+/OdUAjtQ0rA=",
        "owner": "numtide",
        "repo": "flake-utils",
        "rev": "5aed5285a952e0b949eb3ba02c12fa4fcfef535f",
        "type": "github"
      },
      "original": {
        "owner": "numtide",
        "repo": "flake-utils",
        "type": "github"
      }
    }
  },
  "root": "root",
  "version": 7
}
